// !$*UTF8*$!
{
	archiveVersion = 1;
	classes = {
	};
	objectVersion = 50;
	objects = {

/* Begin PBXBuildFile section */
		542DA36B2532DF1900F93351 /* AppDelegate.swift in Sources */ = {isa = PBXBuildFile; fileRef = 542DA36A2532DF1900F93351 /* AppDelegate.swift */; };
		542DA36D2532DF1900F93351 /* SceneDelegate.swift in Sources */ = {isa = PBXBuildFile; fileRef = 542DA36C2532DF1900F93351 /* SceneDelegate.swift */; };
		542DA36F2532DF1900F93351 /* ViewController.swift in Sources */ = {isa = PBXBuildFile; fileRef = 542DA36E2532DF1900F93351 /* ViewController.swift */; };
		542DA3722532DF1900F93351 /* Main.storyboard in Resources */ = {isa = PBXBuildFile; fileRef = 542DA3702532DF1900F93351 /* Main.storyboard */; };
		542DA3742532DF1B00F93351 /* Assets.xcassets in Resources */ = {isa = PBXBuildFile; fileRef = 542DA3732532DF1B00F93351 /* Assets.xcassets */; };
		542DA3772532DF1B00F93351 /* LaunchScreen.storyboard in Resources */ = {isa = PBXBuildFile; fileRef = 542DA3752532DF1B00F93351 /* LaunchScreen.storyboard */; };
		542DA3802532E28400F93351 /* LoginViewController.swift in Sources */ = {isa = PBXBuildFile; fileRef = 542DA37F2532E28400F93351 /* LoginViewController.swift */; };
		542DA3832532E29600F93351 /* signupViewController.swift in Sources */ = {isa = PBXBuildFile; fileRef = 542DA3822532E29600F93351 /* signupViewController.swift */; };
/* End PBXBuildFile section */

/* Begin PBXFileReference section */
		542DA3672532DF1900F93351 /* SOPT27_week1_assignment.app */ = {isa = PBXFileReference; explicitFileType = wrapper.application; includeInIndex = 0; path = SOPT27_week1_assignment.app; sourceTree = BUILT_PRODUCTS_DIR; };
		542DA36A2532DF1900F93351 /* AppDelegate.swift */ = {isa = PBXFileReference; lastKnownFileType = sourcecode.swift; path = AppDelegate.swift; sourceTree = "<group>"; };
		542DA36C2532DF1900F93351 /* SceneDelegate.swift */ = {isa = PBXFileReference; lastKnownFileType = sourcecode.swift; path = SceneDelegate.swift; sourceTree = "<group>"; };
		542DA36E2532DF1900F93351 /* ViewController.swift */ = {isa = PBXFileReference; lastKnownFileType = sourcecode.swift; path = ViewController.swift; sourceTree = "<group>"; };
		542DA3712532DF1900F93351 /* Base */ = {isa = PBXFileReference; lastKnownFileType = file.storyboard; name = Base; path = Base.lproj/Main.storyboard; sourceTree = "<group>"; };
		542DA3732532DF1B00F93351 /* Assets.xcassets */ = {isa = PBXFileReference; lastKnownFileType = folder.assetcatalog; path = Assets.xcassets; sourceTree = "<group>"; };
		542DA3762532DF1B00F93351 /* Base */ = {isa = PBXFileReference; lastKnownFileType = file.storyboard; name = Base; path = Base.lproj/LaunchScreen.storyboard; sourceTree = "<group>"; };
		542DA3782532DF1B00F93351 /* Info.plist */ = {isa = PBXFileReference; lastKnownFileType = text.plist.xml; path = Info.plist; sourceTree = "<group>"; };
		542DA37F2532E28400F93351 /* LoginViewController.swift */ = {isa = PBXFileReference; lastKnownFileType = sourcecode.swift; path = LoginViewController.swift; sourceTree = "<group>"; };
		542DA3822532E29600F93351 /* signupViewController.swift */ = {isa = PBXFileReference; lastKnownFileType = sourcecode.swift; path = signupViewController.swift; sourceTree = "<group>"; };
/* End PBXFileReference section */

/* Begin PBXFrameworksBuildPhase section */
		542DA3642532DF1900F93351 /* Frameworks */ = {
			isa = PBXFrameworksBuildPhase;
			buildActionMask = 2147483647;
			files = (
			);
			runOnlyForDeploymentPostprocessing = 0;
		};
/* End PBXFrameworksBuildPhase section */

/* Begin PBXGroup section */
		542DA35E2532DF1900F93351 = {
			isa = PBXGroup;
			children = (
				542DA3692532DF1900F93351 /* SOPT27_week1_assignment */,
				542DA3682532DF1900F93351 /* Products */,
			);
			sourceTree = "<group>";
		};
		542DA3682532DF1900F93351 /* Products */ = {
			isa = PBXGroup;
			children = (
				542DA3672532DF1900F93351 /* SOPT27_week1_assignment.app */,
			);
			name = Products;
			sourceTree = "<group>";
		};
		542DA3692532DF1900F93351 /* SOPT27_week1_assignment */ = {
			isa = PBXGroup;
			children = (
				542DA36A2532DF1900F93351 /* AppDelegate.swift */,
				542DA36C2532DF1900F93351 /* SceneDelegate.swift */,
				542DA36E2532DF1900F93351 /* ViewController.swift */,
				542DA3702532DF1900F93351 /* Main.storyboard */,
				542DA37F2532E28400F93351 /* LoginViewController.swift */,
				542DA3822532E29600F93351 /* signupViewController.swift */,
				542DA3732532DF1B00F93351 /* Assets.xcassets */,
				542DA3752532DF1B00F93351 /* LaunchScreen.storyboard */,
				542DA3782532DF1B00F93351 /* Info.plist */,
			);
			path = SOPT27_week1_assignment;
			sourceTree = "<group>";
		};
/* End PBXGroup section */

/* Begin PBXNativeTarget section */
		542DA3662532DF1900F93351 /* SOPT27_week1_assignment */ = {
			isa = PBXNativeTarget;
			buildConfigurationList = 542DA37B2532DF1B00F93351 /* Build configuration list for PBXNativeTarget "SOPT27_week1_assignment" */;
			buildPhases = (
				542DA3632532DF1900F93351 /* Sources */,
				542DA3642532DF1900F93351 /* Frameworks */,
				542DA3652532DF1900F93351 /* Resources */,
			);
			buildRules = (
			);
			dependencies = (
			);
			name = SOPT27_week1_assignment;
			productName = week1_homework;
			productReference = 542DA3672532DF1900F93351 /* SOPT27_week1_assignment.app */;
			productType = "com.apple.product-type.application";
		};
/* End PBXNativeTarget section */

/* Begin PBXProject section */
		542DA35F2532DF1900F93351 /* Project object */ = {
			isa = PBXProject;
			attributes = {
				LastSwiftUpdateCheck = 1200;
				LastUpgradeCheck = 1200;
				ORGANIZATIONNAME = "";
				TargetAttributes = {
					542DA3662532DF1900F93351 = {
						CreatedOnToolsVersion = 12.0.1;
					};
				};
			};
			buildConfigurationList = 542DA3622532DF1900F93351 /* Build configuration list for PBXProject "SOPT27_week1_assignment" */;
			compatibilityVersion = "Xcode 9.3";
			developmentRegion = en;
			hasScannedForEncodings = 0;
			knownRegions = (
				en,
				Base,
			);
			mainGroup = 542DA35E2532DF1900F93351;
			productRefGroup = 542DA3682532DF1900F93351 /* Products */;
			projectDirPath = "";
			projectRoot = "";
			targets = (
				542DA3662532DF1900F93351 /* SOPT27_week1_assignment */,
			);
		};
/* End PBXProject section */

/* Begin PBXResourcesBuildPhase section */
		542DA3652532DF1900F93351 /* Resources */ = {
			isa = PBXResourcesBuildPhase;
			buildActionMask = 2147483647;
			files = (
				542DA3772532DF1B00F93351 /* LaunchScreen.storyboard in Resources */,
				542DA3742532DF1B00F93351 /* Assets.xcassets in Resources */,
				542DA3722532DF1900F93351 /* Main.storyboard in Resources */,
			);
			runOnlyForDeploymentPostprocessing = 0;
		};
/* End PBXResourcesBuildPhase section */

/* Begin PBXSourcesBuildPhase section */
		542DA3632532DF1900F93351 /* Sources */ = {
			isa = PBXSourcesBuildPhase;
			buildActionMask = 2147483647;
			files = (
				542DA3802532E28400F93351 /* LoginViewController.swift in Sources */,
				542DA36F2532DF1900F93351 /* ViewController.swift in Sources */,
				542DA3832532E29600F93351 /* signupViewController.swift in Sources */,
				542DA36B2532DF1900F93351 /* AppDelegate.swift in Sources */,
				542DA36D2532DF1900F93351 /* SceneDelegate.swift in Sources */,
			);
			runOnlyForDeploymentPostprocessing = 0;
		};
/* End PBXSourcesBuildPhase section */

/* Begin PBXVariantGroup section */
		542DA3702532DF1900F93351 /* Main.storyboard */ = {
			isa = PBXVariantGroup;
			children = (
				542DA3712532DF1900F93351 /* Base */,
			);
			name = Main.storyboard;
			sourceTree = "<group>";
		};
		542DA3752532DF1B00F93351 /* LaunchScreen.storyboard */ = {
			isa = PBXVariantGroup;
			children = (
				542DA3762532DF1B00F93351 /* Base */,
			);
			name = LaunchScreen.storyboard;
			sourceTree = "<group>";
		};
/* End PBXVariantGroup section */

/* Begin XCBuildConfiguration section */
		542DA3792532DF1B00F93351 /* Debug */ = {
			isa = XCBuildConfiguration;
			buildSettings = {
				ALWAYS_SEARCH_USER_PATHS = NO;
				CLANG_ANALYZER_NONNULL = YES;
				CLANG_ANALYZER_NUMBER_OBJECT_CONVERSION = YES_AGGRESSIVE;
				CLANG_CXX_LANGUAGE_STANDARD = "gnu++14";
				CLANG_CXX_LIBRARY = "libc++";
				CLANG_ENABLE_MODULES = YES;
				CLANG_ENABLE_OBJC_ARC = YES;
				CLANG_ENABLE_OBJC_WEAK = YES;
				CLANG_WARN_BLOCK_CAPTURE_AUTORELEASING = YES;
				CLANG_WARN_BOOL_CONVERSION = YES;
				CLANG_WARN_COMMA = YES;
				CLANG_WARN_CONSTANT_CONVERSION = YES;
				CLANG_WARN_DEPRECATED_OBJC_IMPLEMENTATIONS = YES;
				CLANG_WARN_DIRECT_OBJC_ISA_USAGE = YES_ERROR;
				CLANG_WARN_DOCUMENTATION_COMMENTS = YES;
				CLANG_WARN_EMPTY_BODY = YES;
				CLANG_WARN_ENUM_CONVERSION = YES;
				CLANG_WARN_INFINITE_RECURSION = YES;
				CLANG_WARN_INT_CONVERSION = YES;
				CLANG_WARN_NON_LITERAL_NULL_CONVERSION = YES;
				CLANG_WARN_OBJC_IMPLICIT_RETAIN_SELF = YES;
				CLANG_WARN_OBJC_LITERAL_CONVERSION = YES;
				CLANG_WARN_OBJC_ROOT_CLASS = YES_ERROR;
				CLANG_WARN_QUOTED_INCLUDE_IN_FRAMEWORK_HEADER = YES;
				CLANG_WARN_RANGE_LOOP_ANALYSIS = YES;
				CLANG_WARN_STRICT_PROTOTYPES = YES;
				CLANG_WARN_SUSPICIOUS_MOVE = YES;
				CLANG_WARN_UNGUARDED_AVAILABILITY = YES_AGGRESSIVE;
				CLANG_WARN_UNREACHABLE_CODE = YES;
				CLANG_WARN__DUPLICATE_METHOD_MATCH = YES;
				COPY_PHASE_STRIP = NO;
				DEBUG_INFORMATION_FORMAT = dwarf;
				ENABLE_STRICT_OBJC_MSGSEND = YES;
				ENABLE_TESTABILITY = YES;
				GCC_C_LANGUAGE_STANDARD = gnu11;
				GCC_DYNAMIC_NO_PIC = NO;
				GCC_NO_COMMON_BLOCKS = YES;
				GCC_OPTIMIZATION_LEVEL = 0;
				GCC_PREPROCESSOR_DEFINITIONS = (
					"DEBUG=1",
					"$(inherited)",
				);
				GCC_WARN_64_TO_32_BIT_CONVERSION = YES;
				GCC_WARN_ABOUT_RETURN_TYPE = YES_ERROR;
				GCC_WARN_UNDECLARED_SELECTOR = YES;
				GCC_WARN_UNINITIALIZED_AUTOS = YES_AGGRESSIVE;
				GCC_WARN_UNUSED_FUNCTION = YES;
				GCC_WARN_UNUSED_VARIABLE = YES;
				IPHONEOS_DEPLOYMENT_TARGET = 14.0;
				MTL_ENABLE_DEBUG_INFO = INCLUDE_SOURCE;
				MTL_FAST_MATH = YES;
				ONLY_ACTIVE_ARCH = YES;
				SDKROOT = iphoneos;
				SWIFT_ACTIVE_COMPILATION_CONDITIONS = DEBUG;
				SWIFT_OPTIMIZATION_LEVEL = "-Onone";
			};
			name = Debug;
		};
		542DA37A2532DF1B00F93351 /* Release */ = {
			isa = XCBuildConfiguration;
			buildSettings = {
				ALWAYS_SEARCH_USER_PATHS = NO;
				CLANG_ANALYZER_NONNULL = YES;
				CLANG_ANALYZER_NUMBER_OBJECT_CONVERSION = YES_AGGRESSIVE;
				CLANG_CXX_LANGUAGE_STANDARD = "gnu++14";
				CLANG_CXX_LIBRARY = "libc++";
				CLANG_ENABLE_MODULES = YES;
				CLANG_ENABLE_OBJC_ARC = YES;
				CLANG_ENABLE_OBJC_WEAK = YES;
				CLANG_WARN_BLOCK_CAPTURE_AUTORELEASING = YES;
				CLANG_WARN_BOOL_CONVERSION = YES;
				CLANG_WARN_COMMA = YES;
				CLANG_WARN_CONSTANT_CONVERSION = YES;
				CLANG_WARN_DEPRECATED_OBJC_IMPLEMENTATIONS = YES;
				CLANG_WARN_DIRECT_OBJC_ISA_USAGE = YES_ERROR;
				CLANG_WARN_DOCUMENTATION_COMMENTS = YES;
				CLANG_WARN_EMPTY_BODY = YES;
				CLANG_WARN_ENUM_CONVERSION = YES;
				CLANG_WARN_INFINITE_RECURSION = YES;
				CLANG_WARN_INT_CONVERSION = YES;
				CLANG_WARN_NON_LITERAL_NULL_CONVERSION = YES;
				CLANG_WARN_OBJC_IMPLICIT_RETAIN_SELF = YES;
				CLANG_WARN_OBJC_LITERAL_CONVERSION = YES;
				CLANG_WARN_OBJC_ROOT_CLASS = YES_ERROR;
				CLANG_WARN_QUOTED_INCLUDE_IN_FRAMEWORK_HEADER = YES;
				CLANG_WARN_RANGE_LOOP_ANALYSIS = YES;
				CLANG_WARN_STRICT_PROTOTYPES = YES;
				CLANG_WARN_SUSPICIOUS_MOVE = YES;
				CLANG_WARN_UNGUARDED_AVAILABILITY = YES_AGGRESSIVE;
				CLANG_WARN_UNREACHABLE_CODE = YES;
				CLANG_WARN__DUPLICATE_METHOD_MATCH = YES;
				COPY_PHASE_STRIP = NO;
				DEBUG_INFORMATION_FORMAT = "dwarf-with-dsym";
				ENABLE_NS_ASSERTIONS = NO;
				ENABLE_STRICT_OBJC_MSGSEND = YES;
				GCC_C_LANGUAGE_STANDARD = gnu11;
				GCC_NO_COMMON_BLOCKS = YES;
				GCC_WARN_64_TO_32_BIT_CONVERSION = YES;
				GCC_WARN_ABOUT_RETURN_TYPE = YES_ERROR;
				GCC_WARN_UNDECLARED_SELECTOR = YES;
				GCC_WARN_UNINITIALIZED_AUTOS = YES_AGGRESSIVE;
				GCC_WARN_UNUSED_FUNCTION = YES;
				GCC_WARN_UNUSED_VARIABLE = YES;
				IPHONEOS_DEPLOYMENT_TARGET = 14.0;
				MTL_ENABLE_DEBUG_INFO = NO;
				MTL_FAST_MATH = YES;
				SDKROOT = iphoneos;
				SWIFT_COMPILATION_MODE = wholemodule;
				SWIFT_OPTIMIZATION_LEVEL = "-O";
				VALIDATE_PRODUCT = YES;
			};
			name = Release;
		};
		542DA37C2532DF1B00F93351 /* Debug */ = {
			isa = XCBuildConfiguration;
			buildSettings = {
				ASSETCATALOG_COMPILER_APPICON_NAME = AppIcon;
				ASSETCATALOG_COMPILER_GLOBAL_ACCENT_COLOR_NAME = AccentColor;
				CODE_SIGN_STYLE = Automatic;
				INFOPLIST_FILE = SOPT27_week1_assignment/Info.plist;
				LD_RUNPATH_SEARCH_PATHS = (
					"$(inherited)",
					"@executable_path/Frameworks",
				);
				PRODUCT_BUNDLE_IDENTIFIER = "wonseok.SOPT27-week1-assignment";
				PRODUCT_NAME = "$(TARGET_NAME)";
				SWIFT_VERSION = 5.0;
				TARGETED_DEVICE_FAMILY = "1,2";
			};
			name = Debug;
		};
		542DA37D2532DF1B00F93351 /* Release */ = {
			isa = XCBuildConfiguration;
			buildSettings = {
				ASSETCATALOG_COMPILER_APPICON_NAME = AppIcon;
				ASSETCATALOG_COMPILER_GLOBAL_ACCENT_COLOR_NAME = AccentColor;
				CODE_SIGN_STYLE = Automatic;
				INFOPLIST_FILE = SOPT27_week1_assignment/Info.plist;
				LD_RUNPATH_SEARCH_PATHS = (
					"$(inherited)",
					"@executable_path/Frameworks",
				);
				PRODUCT_BUNDLE_IDENTIFIER = "wonseok.SOPT27-week1-assignment";
				PRODUCT_NAME = "$(TARGET_NAME)";
				SWIFT_VERSION = 5.0;
				TARGETED_DEVICE_FAMILY = "1,2";
			};
			name = Release;
		};
/* End XCBuildConfiguration section */

/* Begin XCConfigurationList section */
		542DA3622532DF1900F93351 /* Build configuration list for PBXProject "SOPT27_week1_assignment" */ = {
			isa = XCConfigurationList;
			buildConfigurations = (
				542DA3792532DF1B00F93351 /* Debug */,
				542DA37A2532DF1B00F93351 /* Release */,
			);
			defaultConfigurationIsVisible = 0;
			defaultConfigurationName = Release;
		};
		542DA37B2532DF1B00F93351 /* Build configuration list for PBXNativeTarget "SOPT27_week1_assignment" */ = {
			isa = XCConfigurationList;
			buildConfigurations = (
				542DA37C2532DF1B00F93351 /* Debug */,
				542DA37D2532DF1B00F93351 /* Release */,
			);
			defaultConfigurationIsVisible = 0;
			defaultConfigurationName = Release;
		};
/* End XCConfigurationList section */
	};
	rootObject = 542DA35F2532DF1900F93351 /* Project object */;
}
